
Microsoft Visual Studio Solution File, Format Version 12.00
# Visual Studio Version 16
VisualStudioVersion = 16.0.30406.217
MinimumVisualStudioVersion = 10.0.40219.1
Project("{FAE04EC0-301F-11D3-BF4B-00C04F79EFBC}") = "select2-unicoJquery", "select2-unicoJquery\select2-unicoJquery.csproj", "{D252B014-DAB5-4A84-8578-4CE551CA5530}"
EndProject
Global
	GlobalSection(SolutionConfigurationPlatforms) = preSolution
		Debug|Any CPU = Debug|Any CPU
		Release|Any CPU = Release|Any CPU
	EndGlobalSection
	GlobalSection(ProjectConfigurationPlatforms) = postSolution
		{D252B014-DAB5-4A84-8578-4CE551CA5530}.Debug|Any CPU.ActiveCfg = Debug|Any CPU
		{D252B014-DAB5-4A84-8578-4CE551CA5530}.Debug|Any CPU.Build.0 = Debug|Any CPU
		{D252B014-DAB5-4A84-8578-4CE551CA5530}.Release|Any CPU.ActiveCfg = Release|Any CPU
		{D252B014-DAB5-4A84-8578-4CE551CA5530}.Release|Any CPU.Build.0 = Release|Any CPU
	EndGlobalSection
	GlobalSection(SolutionProperties) = preSolution
		HideSolutionNode = FALSE
	EndGlobalSection
	GlobalSection(ExtensibilityGlobals) = postSolution
		SolutionGuid = {9D659F7A-4220-455A-A936-B2C6C407FE0D}
	EndGlobalSection
EndGlobal
